
Microsoft Visual Studio Solution File, Format Version 12.00
# Visual Studio Version 16
VisualStudioVersion = 16.0.29926.136
MinimumVisualStudioVersion = 10.0.40219.1
Project("{FAE04EC0-301F-11D3-BF4B-00C04F79EFBC}") = "OperadorLogicoNot", "OperadorLogicoNot\OperadorLogicoNot.csproj", "{B5808D21-00D6-4870-99BB-1B5084BF9D39}"
EndProject
Global
	GlobalSection(SolutionConfigurationPlatforms) = preSolution
		Debug|Any CPU = Debug|Any CPU
		Release|Any CPU = Release|Any CPU
	EndGlobalSection
	GlobalSection(ProjectConfigurationPlatforms) = postSolution
		{B5808D21-00D6-4870-99BB-1B5084BF9D39}.Debug|Any CPU.ActiveCfg = Debug|Any CPU
		{B5808D21-00D6-4870-99BB-1B5084BF9D39}.Debug|Any CPU.Build.0 = Debug|Any CPU
		{B5808D21-00D6-4870-99BB-1B5084BF9D39}.Release|Any CPU.ActiveCfg = Release|Any CPU
		{B5808D21-00D6-4870-99BB-1B5084BF9D39}.Release|Any CPU.Build.0 = Release|Any CPU
	EndGlobalSection
	GlobalSection(SolutionProperties) = preSolution
		HideSolutionNode = FALSE
	EndGlobalSection
	GlobalSection(ExtensibilityGlobals) = postSolution
		SolutionGuid = {1653B27E-564B-43D2-9165-8312BBF9B651}
	EndGlobalSection
EndGlobal
