
Microsoft Visual Studio Solution File, Format Version 12.00
# Visual Studio Version 16
VisualStudioVersion = 16.0.31702.278
MinimumVisualStudioVersion = 10.0.40219.1
Project("{FAE04EC0-301F-11D3-BF4B-00C04F79EFBC}") = "PiesMetros01", "PiesMetros01\PiesMetros01.csproj", "{96277B00-4EEF-4931-A5D7-73F2662B9183}"
EndProject
Global
	GlobalSection(SolutionConfigurationPlatforms) = preSolution
		Debug|Any CPU = Debug|Any CPU
		Release|Any CPU = Release|Any CPU
	EndGlobalSection
	GlobalSection(ProjectConfigurationPlatforms) = postSolution
		{96277B00-4EEF-4931-A5D7-73F2662B9183}.Debug|Any CPU.ActiveCfg = Debug|Any CPU
		{96277B00-4EEF-4931-A5D7-73F2662B9183}.Debug|Any CPU.Build.0 = Debug|Any CPU
		{96277B00-4EEF-4931-A5D7-73F2662B9183}.Release|Any CPU.ActiveCfg = Release|Any CPU
		{96277B00-4EEF-4931-A5D7-73F2662B9183}.Release|Any CPU.Build.0 = Release|Any CPU
	EndGlobalSection
	GlobalSection(SolutionProperties) = preSolution
		HideSolutionNode = FALSE
	EndGlobalSection
	GlobalSection(ExtensibilityGlobals) = postSolution
		SolutionGuid = {2F399724-AA38-4E61-8AD8-33BBBBE9AD77}
	EndGlobalSection
EndGlobal
